
Microsoft Visual Studio Solution File, Format Version 12.00
# Visual Studio Version 16
VisualStudioVersion = 16.0.29409.12
MinimumVisualStudioVersion = 10.0.40219.1
Project("{FAE04EC0-301F-11D3-BF4B-00C04F79EFBC}") = "AnalizadorLexico", "AnalizadorLexico.csproj", "{BEFFDAA9-092F-48B8-9C40-773F7EEBC7AB}"
EndProject
Global
	GlobalSection(SolutionConfigurationPlatforms) = preSolution
		Debug|Any CPU = Debug|Any CPU
		Release|Any CPU = Release|Any CPU
	EndGlobalSection
	GlobalSection(ProjectConfigurationPlatforms) = postSolution
		{BEFFDAA9-092F-48B8-9C40-773F7EEBC7AB}.Debug|Any CPU.ActiveCfg = Debug|Any CPU
		{BEFFDAA9-092F-48B8-9C40-773F7EEBC7AB}.Debug|Any CPU.Build.0 = Debug|Any CPU
		{BEFFDAA9-092F-48B8-9C40-773F7EEBC7AB}.Release|Any CPU.ActiveCfg = Release|Any CPU
		{BEFFDAA9-092F-48B8-9C40-773F7EEBC7AB}.Release|Any CPU.Build.0 = Release|Any CPU
	EndGlobalSection
	GlobalSection(SolutionProperties) = preSolution
		HideSolutionNode = FALSE
	EndGlobalSection
	GlobalSection(ExtensibilityGlobals) = postSolution
		SolutionGuid = {948E97A0-7A12-46C4-B0E9-5821B4356907}
	EndGlobalSection
EndGlobal
